
Microsoft Visual Studio Solution File, Format Version 12.00
# Visual Studio Version 16
VisualStudioVersion = 16.0.29613.14
MinimumVisualStudioVersion = 10.0.40219.1
Project("{FAE04EC0-301F-11D3-BF4B-00C04F79EFBC}") = "Panel Lidera Linii", "Panel Lidera Linii.csproj", "{4919D5A7-3447-474C-B1EF-5A2556FF951C}"
EndProject
Global
	GlobalSection(SolutionConfigurationPlatforms) = preSolution
		Debug|Any CPU = Debug|Any CPU
		Release|Any CPU = Release|Any CPU
	EndGlobalSection
	GlobalSection(ProjectConfigurationPlatforms) = postSolution
		{4919D5A7-3447-474C-B1EF-5A2556FF951C}.Debug|Any CPU.ActiveCfg = Debug|Any CPU
		{4919D5A7-3447-474C-B1EF-5A2556FF951C}.Debug|Any CPU.Build.0 = Debug|Any CPU
		{4919D5A7-3447-474C-B1EF-5A2556FF951C}.Release|Any CPU.ActiveCfg = Release|Any CPU
		{4919D5A7-3447-474C-B1EF-5A2556FF951C}.Release|Any CPU.Build.0 = Release|Any CPU
	EndGlobalSection
	GlobalSection(SolutionProperties) = preSolution
		HideSolutionNode = FALSE
	EndGlobalSection
	GlobalSection(ExtensibilityGlobals) = postSolution
		SolutionGuid = {279BC2AC-A37D-4315-9858-A2B4AE9EB31F}
	EndGlobalSection
EndGlobal
